
Microsoft Visual Studio Solution File, Format Version 12.00
# Visual Studio Version 17
VisualStudioVersion = 17.4.33403.182
MinimumVisualStudioVersion = 10.0.40219.1
Project("{FAE04EC0-301F-11D3-BF4B-00C04F79EFBC}") = "EpidemicApp", "EpidemicApp.csproj", "{75C10535-CDAC-40F1-9319-D0C5D7708C6D}"
EndProject
Global
	GlobalSection(SolutionConfigurationPlatforms) = preSolution
		Debug|Any CPU = Debug|Any CPU
		Release|Any CPU = Release|Any CPU
	EndGlobalSection
	GlobalSection(ProjectConfigurationPlatforms) = postSolution
		{75C10535-CDAC-40F1-9319-D0C5D7708C6D}.Debug|Any CPU.ActiveCfg = Debug|Any CPU
		{75C10535-CDAC-40F1-9319-D0C5D7708C6D}.Debug|Any CPU.Build.0 = Debug|Any CPU
		{75C10535-CDAC-40F1-9319-D0C5D7708C6D}.Release|Any CPU.ActiveCfg = Release|Any CPU
		{75C10535-CDAC-40F1-9319-D0C5D7708C6D}.Release|Any CPU.Build.0 = Release|Any CPU
	EndGlobalSection
	GlobalSection(SolutionProperties) = preSolution
		HideSolutionNode = FALSE
	EndGlobalSection
	GlobalSection(ExtensibilityGlobals) = postSolution
		SolutionGuid = {4D957223-E583-4159-8331-CC11A54CD6F9}
	EndGlobalSection
EndGlobal
