
Microsoft Visual Studio Solution File, Format Version 12.00
# Visual Studio Version 17
VisualStudioVersion = 17.4.33403.182
MinimumVisualStudioVersion = 10.0.40219.1
Project("{FAE04EC0-301F-11D3-BF4B-00C04F79EFBC}") = "File Download", "File Download.csproj", "{B69A311D-9D32-43D3-9949-5260B9E21786}"
EndProject
Global
	GlobalSection(SolutionConfigurationPlatforms) = preSolution
		Debug|Any CPU = Debug|Any CPU
		Release|Any CPU = Release|Any CPU
	EndGlobalSection
	GlobalSection(ProjectConfigurationPlatforms) = postSolution
		{B69A311D-9D32-43D3-9949-5260B9E21786}.Debug|Any CPU.ActiveCfg = Debug|Any CPU
		{B69A311D-9D32-43D3-9949-5260B9E21786}.Debug|Any CPU.Build.0 = Debug|Any CPU
		{B69A311D-9D32-43D3-9949-5260B9E21786}.Release|Any CPU.ActiveCfg = Release|Any CPU
		{B69A311D-9D32-43D3-9949-5260B9E21786}.Release|Any CPU.Build.0 = Release|Any CPU
	EndGlobalSection
	GlobalSection(SolutionProperties) = preSolution
		HideSolutionNode = FALSE
	EndGlobalSection
	GlobalSection(ExtensibilityGlobals) = postSolution
		SolutionGuid = {0CAB988D-D685-41E5-AFFC-56C3DF1C7001}
	EndGlobalSection
EndGlobal
